
Microsoft Visual Studio Solution File, Format Version 12.00
# Visual Studio Version 17
VisualStudioVersion = 17.0.32014.148
MinimumVisualStudioVersion = 10.0.40219.1
Project("{FAE04EC0-301F-11D3-BF4B-00C04F79EFBC}") = "EntityLayer", "EntityLayer\EntityLayer.csproj", "{9E8E823B-C02C-4B5D-813D-55411E980301}"
EndProject
Project("{FAE04EC0-301F-11D3-BF4B-00C04F79EFBC}") = "DataAccessLayer", "DataAccessLayer\DataAccessLayer.csproj", "{4820C6ED-950E-4185-877C-5EAD47857C44}"
EndProject
Project("{FAE04EC0-301F-11D3-BF4B-00C04F79EFBC}") = "BusinessLayer", "BusinessLayer\BusinessLayer.csproj", "{55595B7F-7F78-49DB-9E61-603A709B9D80}"
EndProject
Project("{FAE04EC0-301F-11D3-BF4B-00C04F79EFBC}") = "Deneme.Api", "Deneme.Api\Deneme.Api.csproj", "{0D9A3251-8D73-489A-A9F7-52C30FD1ADE9}"
EndProject
Global
	GlobalSection(SolutionConfigurationPlatforms) = preSolution
		Debug|Any CPU = Debug|Any CPU
		Release|Any CPU = Release|Any CPU
	EndGlobalSection
	GlobalSection(ProjectConfigurationPlatforms) = postSolution
		{9E8E823B-C02C-4B5D-813D-55411E980301}.Debug|Any CPU.ActiveCfg = Debug|Any CPU
		{9E8E823B-C02C-4B5D-813D-55411E980301}.Debug|Any CPU.Build.0 = Debug|Any CPU
		{9E8E823B-C02C-4B5D-813D-55411E980301}.Release|Any CPU.ActiveCfg = Release|Any CPU
		{9E8E823B-C02C-4B5D-813D-55411E980301}.Release|Any CPU.Build.0 = Release|Any CPU
		{4820C6ED-950E-4185-877C-5EAD47857C44}.Debug|Any CPU.ActiveCfg = Debug|Any CPU
		{4820C6ED-950E-4185-877C-5EAD47857C44}.Debug|Any CPU.Build.0 = Debug|Any CPU
		{4820C6ED-950E-4185-877C-5EAD47857C44}.Release|Any CPU.ActiveCfg = Release|Any CPU
		{4820C6ED-950E-4185-877C-5EAD47857C44}.Release|Any CPU.Build.0 = Release|Any CPU
		{55595B7F-7F78-49DB-9E61-603A709B9D80}.Debug|Any CPU.ActiveCfg = Debug|Any CPU
		{55595B7F-7F78-49DB-9E61-603A709B9D80}.Debug|Any CPU.Build.0 = Debug|Any CPU
		{55595B7F-7F78-49DB-9E61-603A709B9D80}.Release|Any CPU.ActiveCfg = Release|Any CPU
		{55595B7F-7F78-49DB-9E61-603A709B9D80}.Release|Any CPU.Build.0 = Release|Any CPU
		{0D9A3251-8D73-489A-A9F7-52C30FD1ADE9}.Debug|Any CPU.ActiveCfg = Debug|Any CPU
		{0D9A3251-8D73-489A-A9F7-52C30FD1ADE9}.Debug|Any CPU.Build.0 = Debug|Any CPU
		{0D9A3251-8D73-489A-A9F7-52C30FD1ADE9}.Release|Any CPU.ActiveCfg = Release|Any CPU
		{0D9A3251-8D73-489A-A9F7-52C30FD1ADE9}.Release|Any CPU.Build.0 = Release|Any CPU
	EndGlobalSection
	GlobalSection(SolutionProperties) = preSolution
		HideSolutionNode = FALSE
	EndGlobalSection
	GlobalSection(ExtensibilityGlobals) = postSolution
		SolutionGuid = {92990106-5A61-452D-B086-65119CC96812}
	EndGlobalSection
EndGlobal
